# generated by rye
# use `rye lock` or `rye sync` to update this lockfile
#
# last locked with the following flags:
#   pre: false
#   features: []
#   all-features: false
#   with-sources: false

-e file:.
annotated-types==0.6.0
    # via pydantic
asttokens==2.4.1
    # via icecream
click==8.1.7
    # via typer
colorama==0.4.6
    # via icecream
executing==2.0.1
    # via icecream
icecream==2.1.3
loguru==0.7.2
    # via liblaf-cook
markdown-it-py==3.0.0
    # via rich
mdurl==0.1.2
    # via markdown-it-py
networkx==3.3
    # via liblaf-cook
pydantic==2.7.1
    # via liblaf-cook
pydantic-core==2.18.2
    # via pydantic
pygments==2.18.0
    # via icecream
    # via rich
rich==13.7.1
    # via typer
sh==2.0.6
    # via liblaf-cook
shellingham==1.5.4
    # via typer
six==1.16.0
    # via asttokens
typer==0.12.3
    # via liblaf-cook
typing-extensions==4.11.0
    # via pydantic
    # via pydantic-core
    # via typer
